# This file is automatically @generated by Poetry and should not be changed by hand.

[[package]]
name = "pycparser"
version = "2.22"
description = "C parser in Python"
category = "main"
optional = false
python-versions = ">=3.8"
files = [
    {file = "pycparser-2.22-py3-none-any.whl", hash = "sha256:c3702b6d3dd8c7abc1afa565d7e63d53a1d0bd86cdc24edd75470f4de499cfcc"},
    {file = "pycparser-2.22.tar.gz", hash = "sha256:491c8be9c040f5390f5bf44a5b07752bd07f56edf992381b05c701439eec10f6"},
]

[metadata]
lock-version = "2.0"
python-versions = "^3.11"
content-hash = "4c6926d0189c21a8505abd76cd41218a9322c90d21a9f364bdb424c61399c7cc"
